
Microsoft Visual Studio Solution File, Format Version 12.00
# Visual Studio Version 16
VisualStudioVersion = 16.0.30114.105
MinimumVisualStudioVersion = 10.0.40219.1
Project("{FAE04EC0-301F-11D3-BF4B-00C04F79EFBC}") = "TeamServer", "TeamServer\TeamServer.csproj", "{4602BAB3-DF41-469A-B086-4F6AA35138DF}"
EndProject
Project("{FAE04EC0-301F-11D3-BF4B-00C04F79EFBC}") = "ApiModels", "ApiModels\ApiModels.csproj", "{DFBF9FED-C0A6-4D53-B5D1-FF7001DFD3C5}"
EndProject
Project("{FAE04EC0-301F-11D3-BF4B-00C04F79EFBC}") = "Agent", "Agent\Agent.csproj", "{4B63E217-7988-4A8B-AE20-9E3DEB69B700}"
EndProject
Global
	GlobalSection(SolutionConfigurationPlatforms) = preSolution
		Debug|Any CPU = Debug|Any CPU
		Release|Any CPU = Release|Any CPU
	EndGlobalSection
	GlobalSection(SolutionProperties) = preSolution
		HideSolutionNode = FALSE
	EndGlobalSection
	GlobalSection(ProjectConfigurationPlatforms) = postSolution
		{4602BAB3-DF41-469A-B086-4F6AA35138DF}.Debug|Any CPU.ActiveCfg = Debug|Any CPU
		{4602BAB3-DF41-469A-B086-4F6AA35138DF}.Debug|Any CPU.Build.0 = Debug|Any CPU
		{4602BAB3-DF41-469A-B086-4F6AA35138DF}.Release|Any CPU.ActiveCfg = Release|Any CPU
		{4602BAB3-DF41-469A-B086-4F6AA35138DF}.Release|Any CPU.Build.0 = Release|Any CPU
		{DFBF9FED-C0A6-4D53-B5D1-FF7001DFD3C5}.Debug|Any CPU.ActiveCfg = Debug|Any CPU
		{DFBF9FED-C0A6-4D53-B5D1-FF7001DFD3C5}.Debug|Any CPU.Build.0 = Debug|Any CPU
		{DFBF9FED-C0A6-4D53-B5D1-FF7001DFD3C5}.Release|Any CPU.ActiveCfg = Release|Any CPU
		{DFBF9FED-C0A6-4D53-B5D1-FF7001DFD3C5}.Release|Any CPU.Build.0 = Release|Any CPU
		{4B63E217-7988-4A8B-AE20-9E3DEB69B700}.Debug|Any CPU.ActiveCfg = Debug|Any CPU
		{4B63E217-7988-4A8B-AE20-9E3DEB69B700}.Debug|Any CPU.Build.0 = Debug|Any CPU
		{4B63E217-7988-4A8B-AE20-9E3DEB69B700}.Release|Any CPU.ActiveCfg = Release|Any CPU
		{4B63E217-7988-4A8B-AE20-9E3DEB69B700}.Release|Any CPU.Build.0 = Release|Any CPU
	EndGlobalSection
EndGlobal
